{
  "name": "aws-node-http-api-project",
  "version": "1.0.0",
  "lockfileVersion": 2,
  "requires": true,
  "packages": {
    "": {
      "name": "aws-node-http-api-project",
      "version": "1.0.0",
      "license": "ISC",
      "dependencies": {
        "@types/serverless": "^3.12.22"
      }
    },
    "node_modules/@types/serverless": {
      "version": "3.12.22",
      "resolved": "https://registry.npmjs.org/@types/serverless/-/serverless-3.12.22.tgz",
      "integrity": "sha512-h6U8jv22T0N+9mcKBK2p/gVmcrKW7trUdVNhGemm8bct0lx3i/7svt1x0o/q87nMtOJMcqSvqFz63c7jM1X2Ew=="
    }
  },
  "dependencies": {
    "@types/serverless": {
      "version": "3.12.22",
      "resolved": "https://registry.npmjs.org/@types/serverless/-/serverless-3.12.22.tgz",
      "integrity": "sha512-h6U8jv22T0N+9mcKBK2p/gVmcrKW7trUdVNhGemm8bct0lx3i/7svt1x0o/q87nMtOJMcqSvqFz63c7jM1X2Ew=="
    }
  }
}
